# This file is autogenerated, do not edit; changes may be undone by the next 'dep ensure'.


[[projects]]
  digest = "1:e92f5581902c345eb4ceffdcd4a854fb8f73cf436d47d837d1ec98ef1fe0a214"
  name = "github.com/StackExchange/wmi"
  packages = ["."]
  pruneopts = "T"
  revision = "5d049714c4a64225c3c79a7cf7d02f7fb5b96338"
  version = "1.0.0"

[[projects]]
  digest = "1:721506c3d88697ba8229dec8530cdc02b3efdb1a5c12e5de7e7e70cb41ba3a4e"
  name = "github.com/go-ole/go-ole"
  packages = [
    ".",
    "oleutil",
  ]
  pruneopts = "T"
  revision = "97b6244175ae18ea6eef668034fd6565847501c9"
  version = "v1.2.4"

[[projects]]
  digest = "1:ee4f4f6c0f23c0e4ae7bd51b4c146272ea31fd981efff8d8a83e8b30d74b136c"
  name = "github.com/shirou/gopsutil"
  packages = [
    "cpu",
    "disk",
    "internal/common",
    "mem",
  ]
  pruneopts = "T"
  revision = "1c09419d4b1c4c19e06d9f48b9406bda27d32acd"
  version = "v2.19.9"

[[projects]]
  branch = "master"
  digest = "1:52b21e6be25049834aea5ecdde35d723c00fbdad3ea0357f2072dfb105836e02"
  name = "github.com/tarm/serial"
  packages = ["."]
  pruneopts = "T"
  revision = "98f6abe2eb07edd42f6dfa2a934aea469acc29b7"

[[projects]]
  branch = "master"
  digest = "1:59a4e4696b11cbf95e8e43be26dba431b3b6c5b92007af823003765a937c77bb"
  name = "golang.org/x/image"
  packages = [
    "font",
    "font/basicfont",
    "font/plan9font",
    "math/fixed",
  ]
  pruneopts = "T"
  revision = "7e034cad644213bc79b336b52fce73624259aeca"

[[projects]]
  branch = "master"
  digest = "1:711bffe64eaf5b7ad863b1057efd0445ff7dd4be9823312153fdeccd0a37ca29"
  name = "golang.org/x/sys"
  packages = [
    "unix",
    "windows",
  ]
  pruneopts = "T"
  revision = "04f50cda93cbb67f2afa353c52f342100e80e625"

[solve-meta]
  analyzer-name = "dep"
  analyzer-version = 1
  input-imports = [
    "github.com/shirou/gopsutil/cpu",
    "github.com/shirou/gopsutil/disk",
    "github.com/shirou/gopsutil/mem",
    "github.com/tarm/serial",
    "golang.org/x/image/font",
    "golang.org/x/image/font/basicfont",
    "golang.org/x/image/math/fixed",
  ]
  solver-name = "gps-cdcl"
  solver-version = 1
